{
  "version": "4",
  "specifiers": {
    "jsr:@std/assert@1": "1.0.13",
    "jsr:@std/internal@^1.0.6": "1.0.6",
    "npm:@zod/mini@^4.0.0-beta.20250424T163858": "4.0.0-beta.20250424T163858"
  },
  "jsr": {
    "@std/assert@1.0.13": {
      "integrity": "ae0d31e41919b12c656c742b22522c32fb26ed0cba32975cb0de2a273cb68b29",
      "dependencies": [
        "jsr:@std/internal"
      ]
    },
    "@std/internal@1.0.6": {
      "integrity": "9533b128f230f73bd209408bb07a4b12f8d4255ab2a4d22a1fd6d87304aca9a4"
    }
  },
  "npm": {
    "@zod/core@0.9.0": {
      "integrity": "sha512-bVfPiV2kDUkAJ4ArvV4MHcPZA8y3xOX6/SjzSy2kX2ACopbaaAP4wk6hd/byRmfi9MLNai+4SFJMmcATdOyclg=="
    },
    "@zod/mini@4.0.0-beta.20250424T163858": {
      "integrity": "sha512-dUrw6GDXsFbbjvHBlqOrkWiFFNbo9EW+/D3NcoO+28rJdLM330tSMK16m3NrPhDbLbZU6VLEd0yL650w5Kqmkg==",
      "dependencies": [
        "@zod/core"
      ]
    }
  },
  "workspace": {
    "dependencies": [
      "jsr:@std/assert@1",
      "npm:@zod/mini@^4.0.0-beta.20250424T163858"
    ]
  }
}
